
Microsoft Visual Studio Solution File, Format Version 12.00
# Visual Studio 15
VisualStudioVersion = 15.0.28307.645
MinimumVisualStudioVersion = 10.0.40219.1
Project("{FAE04EC0-301F-11D3-BF4B-00C04F79EFBC}") = "Delivery.WebService", "Delivery.WebService\Delivery.WebService.csproj", "{454D082F-2FC8-4823-B364-AB1881FFB15E}"
EndProject
Project("{FAE04EC0-301F-11D3-BF4B-00C04F79EFBC}") = "Delivery", "Delivery\Delivery.csproj", "{0489AB0A-B9D2-477A-95E1-B86B1C6CB776}"
EndProject
Global
	GlobalSection(SolutionConfigurationPlatforms) = preSolution
		Debug|Any CPU = Debug|Any CPU
		Release|Any CPU = Release|Any CPU
	EndGlobalSection
	GlobalSection(ProjectConfigurationPlatforms) = postSolution
		{454D082F-2FC8-4823-B364-AB1881FFB15E}.Debug|Any CPU.ActiveCfg = Debug|Any CPU
		{454D082F-2FC8-4823-B364-AB1881FFB15E}.Debug|Any CPU.Build.0 = Debug|Any CPU
		{454D082F-2FC8-4823-B364-AB1881FFB15E}.Release|Any CPU.ActiveCfg = Release|Any CPU
		{454D082F-2FC8-4823-B364-AB1881FFB15E}.Release|Any CPU.Build.0 = Release|Any CPU
		{0489AB0A-B9D2-477A-95E1-B86B1C6CB776}.Debug|Any CPU.ActiveCfg = Debug|Any CPU
		{0489AB0A-B9D2-477A-95E1-B86B1C6CB776}.Debug|Any CPU.Build.0 = Debug|Any CPU
		{0489AB0A-B9D2-477A-95E1-B86B1C6CB776}.Release|Any CPU.ActiveCfg = Release|Any CPU
		{0489AB0A-B9D2-477A-95E1-B86B1C6CB776}.Release|Any CPU.Build.0 = Release|Any CPU
	EndGlobalSection
	GlobalSection(SolutionProperties) = preSolution
		HideSolutionNode = FALSE
	EndGlobalSection
	GlobalSection(ExtensibilityGlobals) = postSolution
		SolutionGuid = {2336E41C-E680-4E59-9AD7-17BCD61FD96A}
	EndGlobalSection
EndGlobal
